// !$*UTF8*$!
{
	archiveVersion = 1;
	classes = {
	};
	objectVersion = 56;
	objects = {

/* Begin PBXBuildFile section */
		6BEF4E22C8C9200FA076E9FD /* Pods_MapApp.framework in Frameworks */ = {isa = PBXBuildFile; fileRef = BF0964A3424BC23643E4D2CF /* Pods_MapApp.framework */; };
		C75DBEFA28E991F100D937A2 /* AppDelegate.swift in Sources */ = {isa = PBXBuildFile; fileRef = C75DBEF928E991F100D937A2 /* AppDelegate.swift */; };
		C75DBEFC28E991F100D937A2 /* SceneDelegate.swift in Sources */ = {isa = PBXBuildFile; fileRef = C75DBEFB28E991F100D937A2 /* SceneDelegate.swift */; };
		C75DBEFE28E991F100D937A2 /* ViewController.swift in Sources */ = {isa = PBXBuildFile; fileRef = C75DBEFD28E991F100D937A2 /* ViewController.swift */; };
		C75DBF0328E991F200D937A2 /* Assets.xcassets in Resources */ = {isa = PBXBuildFile; fileRef = C75DBF0228E991F200D937A2 /* Assets.xcassets */; };
		C75DBF0628E991F200D937A2 /* LaunchScreen.storyboard in Resources */ = {isa = PBXBuildFile; fileRef = C75DBF0428E991F200D937A2 /* LaunchScreen.storyboard */; };
		C75DBF0E28E994E700D937A2 /* Extensions.swift in Sources */ = {isa = PBXBuildFile; fileRef = C75DBF0D28E994E700D937A2 /* Extensions.swift */; };
		C75DBF1028E998C700D937A2 /* MapAnnotation.swift in Sources */ = {isa = PBXBuildFile; fileRef = C75DBF0F28E998C700D937A2 /* MapAnnotation.swift */; };
		C75DBF1228E9DE2F00D937A2 /* MapStyle.swift in Sources */ = {isa = PBXBuildFile; fileRef = C75DBF1128E9DE2F00D937A2 /* MapStyle.swift */; };
		C79DF7F228F049CA00D66CC5 /* MapAnnotationModel.swift in Sources */ = {isa = PBXBuildFile; fileRef = C79DF7F128F049CA00D66CC5 /* MapAnnotationModel.swift */; };
		C79DF7F428F1993000D66CC5 /* overlay.json in Resources */ = {isa = PBXBuildFile; fileRef = C79DF7F328F1993000D66CC5 /* overlay.json */; };
/* End PBXBuildFile section */

/* Begin PBXFileReference section */
		059E7503155240A7899E04DF /* Pods-MapApp.debug.xcconfig */ = {isa = PBXFileReference; includeInIndex = 1; lastKnownFileType = text.xcconfig; name = "Pods-MapApp.debug.xcconfig"; path = "Target Support Files/Pods-MapApp/Pods-MapApp.debug.xcconfig"; sourceTree = "<group>"; };
		1C755A6ECF4780CEB6B03132 /* Pods-MapApp.release.xcconfig */ = {isa = PBXFileReference; includeInIndex = 1; lastKnownFileType = text.xcconfig; name = "Pods-MapApp.release.xcconfig"; path = "Target Support Files/Pods-MapApp/Pods-MapApp.release.xcconfig"; sourceTree = "<group>"; };
		BF0964A3424BC23643E4D2CF /* Pods_MapApp.framework */ = {isa = PBXFileReference; explicitFileType = wrapper.framework; includeInIndex = 0; path = Pods_MapApp.framework; sourceTree = BUILT_PRODUCTS_DIR; };
		C75DBEF628E991F100D937A2 /* MapApp.app */ = {isa = PBXFileReference; explicitFileType = wrapper.application; includeInIndex = 0; path = MapApp.app; sourceTree = BUILT_PRODUCTS_DIR; };
		C75DBEF928E991F100D937A2 /* AppDelegate.swift */ = {isa = PBXFileReference; lastKnownFileType = sourcecode.swift; path = AppDelegate.swift; sourceTree = "<group>"; };
		C75DBEFB28E991F100D937A2 /* SceneDelegate.swift */ = {isa = PBXFileReference; lastKnownFileType = sourcecode.swift; path = SceneDelegate.swift; sourceTree = "<group>"; };
		C75DBEFD28E991F100D937A2 /* ViewController.swift */ = {isa = PBXFileReference; lastKnownFileType = sourcecode.swift; path = ViewController.swift; sourceTree = "<group>"; };
		C75DBF0228E991F200D937A2 /* Assets.xcassets */ = {isa = PBXFileReference; lastKnownFileType = folder.assetcatalog; path = Assets.xcassets; sourceTree = "<group>"; };
		C75DBF0528E991F200D937A2 /* Base */ = {isa = PBXFileReference; lastKnownFileType = file.storyboard; name = Base; path = Base.lproj/LaunchScreen.storyboard; sourceTree = "<group>"; };
		C75DBF0728E991F200D937A2 /* Info.plist */ = {isa = PBXFileReference; lastKnownFileType = text.plist.xml; path = Info.plist; sourceTree = "<group>"; };
		C75DBF0D28E994E700D937A2 /* Extensions.swift */ = {isa = PBXFileReference; lastKnownFileType = sourcecode.swift; path = Extensions.swift; sourceTree = "<group>"; };
		C75DBF0F28E998C700D937A2 /* MapAnnotation.swift */ = {isa = PBXFileReference; lastKnownFileType = sourcecode.swift; path = MapAnnotation.swift; sourceTree = "<group>"; };
		C75DBF1128E9DE2F00D937A2 /* MapStyle.swift */ = {isa = PBXFileReference; lastKnownFileType = sourcecode.swift; path = MapStyle.swift; sourceTree = "<group>"; };
		C79DF7F128F049CA00D66CC5 /* MapAnnotationModel.swift */ = {isa = PBXFileReference; lastKnownFileType = sourcecode.swift; path = MapAnnotationModel.swift; sourceTree = "<group>"; };
		C79DF7F328F1993000D66CC5 /* overlay.json */ = {isa = PBXFileReference; fileEncoding = 4; lastKnownFileType = text.json; name = overlay.json; path = ../../../../Desktop/overlay.json; sourceTree = "<group>"; };
/* End PBXFileReference section */

/* Begin PBXFrameworksBuildPhase section */
		C75DBEF328E991F100D937A2 /* Frameworks */ = {
			isa = PBXFrameworksBuildPhase;
			buildActionMask = 2147483647;
			files = (
				6BEF4E22C8C9200FA076E9FD /* Pods_MapApp.framework in Frameworks */,
			);
			runOnlyForDeploymentPostprocessing = 0;
		};
/* End PBXFrameworksBuildPhase section */

/* Begin PBXGroup section */
		C75DBEED28E991F100D937A2 = {
			isa = PBXGroup;
			children = (
				C75DBEF828E991F100D937A2 /* MapApp */,
				C75DBEF728E991F100D937A2 /* Products */,
				F8CAA8E8B9A7F2F5C632A93E /* Pods */,
				F19EBBDDAA423276EFCC64C0 /* Frameworks */,
			);
			sourceTree = "<group>";
		};
		C75DBEF728E991F100D937A2 /* Products */ = {
			isa = PBXGroup;
			children = (
				C75DBEF628E991F100D937A2 /* MapApp.app */,
			);
			name = Products;
			sourceTree = "<group>";
		};
		C75DBEF828E991F100D937A2 /* MapApp */ = {
			isa = PBXGroup;
			children = (
				C75DBF1428E9DED200D937A2 /* Extensions */,
				C75DBF1328E9DEBD00D937A2 /* Model */,
				C75DBEFD28E991F100D937A2 /* ViewController.swift */,
				C75DBF0F28E998C700D937A2 /* MapAnnotation.swift */,
				C75DBEF928E991F100D937A2 /* AppDelegate.swift */,
				C75DBEFB28E991F100D937A2 /* SceneDelegate.swift */,
				C79DF7F328F1993000D66CC5 /* overlay.json */,
				C75DBF0228E991F200D937A2 /* Assets.xcassets */,
				C75DBF0428E991F200D937A2 /* LaunchScreen.storyboard */,
				C75DBF0728E991F200D937A2 /* Info.plist */,
			);
			path = MapApp;
			sourceTree = "<group>";
		};
		C75DBF1328E9DEBD00D937A2 /* Model */ = {
			isa = PBXGroup;
			children = (
				C75DBF1128E9DE2F00D937A2 /* MapStyle.swift */,
				C79DF7F128F049CA00D66CC5 /* MapAnnotationModel.swift */,
			);
			path = Model;
			sourceTree = "<group>";
		};
		C75DBF1428E9DED200D937A2 /* Extensions */ = {
			isa = PBXGroup;
			children = (
				C75DBF0D28E994E700D937A2 /* Extensions.swift */,
			);
			path = Extensions;
			sourceTree = "<group>";
		};
		F19EBBDDAA423276EFCC64C0 /* Frameworks */ = {
			isa = PBXGroup;
			children = (
				BF0964A3424BC23643E4D2CF /* Pods_MapApp.framework */,
			);
			name = Frameworks;
			sourceTree = "<group>";
		};
		F8CAA8E8B9A7F2F5C632A93E /* Pods */ = {
			isa = PBXGroup;
			children = (
				059E7503155240A7899E04DF /* Pods-MapApp.debug.xcconfig */,
				1C755A6ECF4780CEB6B03132 /* Pods-MapApp.release.xcconfig */,
			);
			path = Pods;
			sourceTree = "<group>";
		};
/* End PBXGroup section */

/* Begin PBXNativeTarget section */
		C75DBEF528E991F100D937A2 /* MapApp */ = {
			isa = PBXNativeTarget;
			buildConfigurationList = C75DBF0A28E991F200D937A2 /* Build configuration list for PBXNativeTarget "MapApp" */;
			buildPhases = (
				7033C4AFC74AF259C418B7A5 /* [CP] Check Pods Manifest.lock */,
				C75DBEF228E991F100D937A2 /* Sources */,
				C75DBEF328E991F100D937A2 /* Frameworks */,
				C75DBEF428E991F100D937A2 /* Resources */,
				79B5784E04764FD581BE0749 /* [CP] Embed Pods Frameworks */,
			);
			buildRules = (
			);
			dependencies = (
			);
			name = MapApp;
			productName = MapApp;
			productReference = C75DBEF628E991F100D937A2 /* MapApp.app */;
			productType = "com.apple.product-type.application";
		};
/* End PBXNativeTarget section */

/* Begin PBXProject section */
		C75DBEEE28E991F100D937A2 /* Project object */ = {
			isa = PBXProject;
			attributes = {
				BuildIndependentTargetsInParallel = 1;
				LastSwiftUpdateCheck = 1400;
				LastUpgradeCheck = 1400;
				TargetAttributes = {
					C75DBEF528E991F100D937A2 = {
						CreatedOnToolsVersion = 14.0.1;
					};
				};
			};
			buildConfigurationList = C75DBEF128E991F100D937A2 /* Build configuration list for PBXProject "MapApp" */;
			compatibilityVersion = "Xcode 14.0";
			developmentRegion = en;
			hasScannedForEncodings = 0;
			knownRegions = (
				en,
				Base,
			);
			mainGroup = C75DBEED28E991F100D937A2;
			productRefGroup = C75DBEF728E991F100D937A2 /* Products */;
			projectDirPath = "";
			projectRoot = "";
			targets = (
				C75DBEF528E991F100D937A2 /* MapApp */,
			);
		};
/* End PBXProject section */

/* Begin PBXResourcesBuildPhase section */
		C75DBEF428E991F100D937A2 /* Resources */ = {
			isa = PBXResourcesBuildPhase;
			buildActionMask = 2147483647;
			files = (
				C75DBF0628E991F200D937A2 /* LaunchScreen.storyboard in Resources */,
				C79DF7F428F1993000D66CC5 /* overlay.json in Resources */,
				C75DBF0328E991F200D937A2 /* Assets.xcassets in Resources */,
			);
			runOnlyForDeploymentPostprocessing = 0;
		};
/* End PBXResourcesBuildPhase section */

/* Begin PBXShellScriptBuildPhase section */
		7033C4AFC74AF259C418B7A5 /* [CP] Check Pods Manifest.lock */ = {
			isa = PBXShellScriptBuildPhase;
			buildActionMask = 2147483647;
			files = (
			);
			inputFileListPaths = (
			);
			inputPaths = (
				"${PODS_PODFILE_DIR_PATH}/Podfile.lock",
				"${PODS_ROOT}/Manifest.lock",
			);
			name = "[CP] Check Pods Manifest.lock";
			outputFileListPaths = (
			);
			outputPaths = (
				"$(DERIVED_FILE_DIR)/Pods-MapApp-checkManifestLockResult.txt",
			);
			runOnlyForDeploymentPostprocessing = 0;
			shellPath = /bin/sh;
			shellScript = "diff \"${PODS_PODFILE_DIR_PATH}/Podfile.lock\" \"${PODS_ROOT}/Manifest.lock\" > /dev/null\nif [ $? != 0 ] ; then\n    # print error to STDERR\n    echo \"error: The sandbox is not in sync with the Podfile.lock. Run 'pod install' or update your CocoaPods installation.\" >&2\n    exit 1\nfi\n# This output is used by Xcode 'outputs' to avoid re-running this script phase.\necho \"SUCCESS\" > \"${SCRIPT_OUTPUT_FILE_0}\"\n";
			showEnvVarsInLog = 0;
		};
		79B5784E04764FD581BE0749 /* [CP] Embed Pods Frameworks */ = {
			isa = PBXShellScriptBuildPhase;
			buildActionMask = 2147483647;
			files = (
			);
			inputFileListPaths = (
				"${PODS_ROOT}/Target Support Files/Pods-MapApp/Pods-MapApp-frameworks-${CONFIGURATION}-input-files.xcfilelist",
			);
			name = "[CP] Embed Pods Frameworks";
			outputFileListPaths = (
				"${PODS_ROOT}/Target Support Files/Pods-MapApp/Pods-MapApp-frameworks-${CONFIGURATION}-output-files.xcfilelist",
			);
			runOnlyForDeploymentPostprocessing = 0;
			shellPath = /bin/sh;
			shellScript = "\"${PODS_ROOT}/Target Support Files/Pods-MapApp/Pods-MapApp-frameworks.sh\"\n";
			showEnvVarsInLog = 0;
		};
/* End PBXShellScriptBuildPhase section */

/* Begin PBXSourcesBuildPhase section */
		C75DBEF228E991F100D937A2 /* Sources */ = {
			isa = PBXSourcesBuildPhase;
			buildActionMask = 2147483647;
			files = (
				C75DBF1228E9DE2F00D937A2 /* MapStyle.swift in Sources */,
				C75DBEFE28E991F100D937A2 /* ViewController.swift in Sources */,
				C75DBF1028E998C700D937A2 /* MapAnnotation.swift in Sources */,
				C75DBEFA28E991F100D937A2 /* AppDelegate.swift in Sources */,
				C75DBEFC28E991F100D937A2 /* SceneDelegate.swift in Sources */,
				C79DF7F228F049CA00D66CC5 /* MapAnnotationModel.swift in Sources */,
				C75DBF0E28E994E700D937A2 /* Extensions.swift in Sources */,
			);
			runOnlyForDeploymentPostprocessing = 0;
		};
/* End PBXSourcesBuildPhase section */

/* Begin PBXVariantGroup section */
		C75DBF0428E991F200D937A2 /* LaunchScreen.storyboard */ = {
			isa = PBXVariantGroup;
			children = (
				C75DBF0528E991F200D937A2 /* Base */,
			);
			name = LaunchScreen.storyboard;
			sourceTree = "<group>";
		};
/* End PBXVariantGroup section */

/* Begin XCBuildConfiguration section */
		C75DBF0828E991F200D937A2 /* Debug */ = {
			isa = XCBuildConfiguration;
			buildSettings = {
				ALWAYS_SEARCH_USER_PATHS = NO;
				CLANG_ANALYZER_NONNULL = YES;
				CLANG_ANALYZER_NUMBER_OBJECT_CONVERSION = YES_AGGRESSIVE;
				CLANG_CXX_LANGUAGE_STANDARD = "gnu++20";
				CLANG_ENABLE_MODULES = YES;
				CLANG_ENABLE_OBJC_ARC = YES;
				CLANG_ENABLE_OBJC_WEAK = YES;
				CLANG_WARN_BLOCK_CAPTURE_AUTORELEASING = YES;
				CLANG_WARN_BOOL_CONVERSION = YES;
				CLANG_WARN_COMMA = YES;
				CLANG_WARN_CONSTANT_CONVERSION = YES;
				CLANG_WARN_DEPRECATED_OBJC_IMPLEMENTATIONS = YES;
				CLANG_WARN_DIRECT_OBJC_ISA_USAGE = YES_ERROR;
				CLANG_WARN_DOCUMENTATION_COMMENTS = YES;
				CLANG_WARN_EMPTY_BODY = YES;
				CLANG_WARN_ENUM_CONVERSION = YES;
				CLANG_WARN_INFINITE_RECURSION = YES;
				CLANG_WARN_INT_CONVERSION = YES;
				CLANG_WARN_NON_LITERAL_NULL_CONVERSION = YES;
				CLANG_WARN_OBJC_IMPLICIT_RETAIN_SELF = YES;
				CLANG_WARN_OBJC_LITERAL_CONVERSION = YES;
				CLANG_WARN_OBJC_ROOT_CLASS = YES_ERROR;
				CLANG_WARN_QUOTED_INCLUDE_IN_FRAMEWORK_HEADER = YES;
				CLANG_WARN_RANGE_LOOP_ANALYSIS = YES;
				CLANG_WARN_STRICT_PROTOTYPES = YES;
				CLANG_WARN_SUSPICIOUS_MOVE = YES;
				CLANG_WARN_UNGUARDED_AVAILABILITY = YES_AGGRESSIVE;
				CLANG_WARN_UNREACHABLE_CODE = YES;
				CLANG_WARN__DUPLICATE_METHOD_MATCH = YES;
				COPY_PHASE_STRIP = NO;
				DEBUG_INFORMATION_FORMAT = dwarf;
				ENABLE_STRICT_OBJC_MSGSEND = YES;
				ENABLE_TESTABILITY = YES;
				GCC_C_LANGUAGE_STANDARD = gnu11;
				GCC_DYNAMIC_NO_PIC = NO;
				GCC_NO_COMMON_BLOCKS = YES;
				GCC_OPTIMIZATION_LEVEL = 0;
				GCC_PREPROCESSOR_DEFINITIONS = (
					"DEBUG=1",
					"$(inherited)",
				);
				GCC_WARN_64_TO_32_BIT_CONVERSION = YES;
				GCC_WARN_ABOUT_RETURN_TYPE = YES_ERROR;
				GCC_WARN_UNDECLARED_SELECTOR = YES;
				GCC_WARN_UNINITIALIZED_AUTOS = YES_AGGRESSIVE;
				GCC_WARN_UNUSED_FUNCTION = YES;
				GCC_WARN_UNUSED_VARIABLE = YES;
				IPHONEOS_DEPLOYMENT_TARGET = 16.0;
				MTL_ENABLE_DEBUG_INFO = INCLUDE_SOURCE;
				MTL_FAST_MATH = YES;
				ONLY_ACTIVE_ARCH = YES;
				SDKROOT = iphoneos;
				SWIFT_ACTIVE_COMPILATION_CONDITIONS = DEBUG;
				SWIFT_OPTIMIZATION_LEVEL = "-Onone";
			};
			name = Debug;
		};
		C75DBF0928E991F200D937A2 /* Release */ = {
			isa = XCBuildConfiguration;
			buildSettings = {
				ALWAYS_SEARCH_USER_PATHS = NO;
				CLANG_ANALYZER_NONNULL = YES;
				CLANG_ANALYZER_NUMBER_OBJECT_CONVERSION = YES_AGGRESSIVE;
				CLANG_CXX_LANGUAGE_STANDARD = "gnu++20";
				CLANG_ENABLE_MODULES = YES;
				CLANG_ENABLE_OBJC_ARC = YES;
				CLANG_ENABLE_OBJC_WEAK = YES;
				CLANG_WARN_BLOCK_CAPTURE_AUTORELEASING = YES;
				CLANG_WARN_BOOL_CONVERSION = YES;
				CLANG_WARN_COMMA = YES;
				CLANG_WARN_CONSTANT_CONVERSION = YES;
				CLANG_WARN_DEPRECATED_OBJC_IMPLEMENTATIONS = YES;
				CLANG_WARN_DIRECT_OBJC_ISA_USAGE = YES_ERROR;
				CLANG_WARN_DOCUMENTATION_COMMENTS = YES;
				CLANG_WARN_EMPTY_BODY = YES;
				CLANG_WARN_ENUM_CONVERSION = YES;
				CLANG_WARN_INFINITE_RECURSION = YES;
				CLANG_WARN_INT_CONVERSION = YES;
				CLANG_WARN_NON_LITERAL_NULL_CONVERSION = YES;
				CLANG_WARN_OBJC_IMPLICIT_RETAIN_SELF = YES;
				CLANG_WARN_OBJC_LITERAL_CONVERSION = YES;
				CLANG_WARN_OBJC_ROOT_CLASS = YES_ERROR;
				CLANG_WARN_QUOTED_INCLUDE_IN_FRAMEWORK_HEADER = YES;
				CLANG_WARN_RANGE_LOOP_ANALYSIS = YES;
				CLANG_WARN_STRICT_PROTOTYPES = YES;
				CLANG_WARN_SUSPICIOUS_MOVE = YES;
				CLANG_WARN_UNGUARDED_AVAILABILITY = YES_AGGRESSIVE;
				CLANG_WARN_UNREACHABLE_CODE = YES;
				CLANG_WARN__DUPLICATE_METHOD_MATCH = YES;
				COPY_PHASE_STRIP = NO;
				DEBUG_INFORMATION_FORMAT = "dwarf-with-dsym";
				ENABLE_NS_ASSERTIONS = NO;
				ENABLE_STRICT_OBJC_MSGSEND = YES;
				GCC_C_LANGUAGE_STANDARD = gnu11;
				GCC_NO_COMMON_BLOCKS = YES;
				GCC_WARN_64_TO_32_BIT_CONVERSION = YES;
				GCC_WARN_ABOUT_RETURN_TYPE = YES_ERROR;
				GCC_WARN_UNDECLARED_SELECTOR = YES;
				GCC_WARN_UNINITIALIZED_AUTOS = YES_AGGRESSIVE;
				GCC_WARN_UNUSED_FUNCTION = YES;
				GCC_WARN_UNUSED_VARIABLE = YES;
				IPHONEOS_DEPLOYMENT_TARGET = 16.0;
				MTL_ENABLE_DEBUG_INFO = NO;
				MTL_FAST_MATH = YES;
				SDKROOT = iphoneos;
				SWIFT_COMPILATION_MODE = wholemodule;
				SWIFT_OPTIMIZATION_LEVEL = "-O";
				VALIDATE_PRODUCT = YES;
			};
			name = Release;
		};
		C75DBF0B28E991F200D937A2 /* Debug */ = {
			isa = XCBuildConfiguration;
			baseConfigurationReference = 059E7503155240A7899E04DF /* Pods-MapApp.debug.xcconfig */;
			buildSettings = {
				ASSETCATALOG_COMPILER_APPICON_NAME = AppIcon;
				ASSETCATALOG_COMPILER_GLOBAL_ACCENT_COLOR_NAME = AccentColor;
				CODE_SIGN_STYLE = Automatic;
				CURRENT_PROJECT_VERSION = 1;
				DEVELOPMENT_TEAM = 6S9Y87TLD6;
				GENERATE_INFOPLIST_FILE = YES;
				INFOPLIST_FILE = MapApp/Info.plist;
				INFOPLIST_KEY_UIApplicationSupportsIndirectInputEvents = YES;
				INFOPLIST_KEY_UILaunchStoryboardName = LaunchScreen;
				INFOPLIST_KEY_UISupportedInterfaceOrientations_iPad = "UIInterfaceOrientationPortrait UIInterfaceOrientationPortraitUpsideDown UIInterfaceOrientationLandscapeLeft UIInterfaceOrientationLandscapeRight";
				INFOPLIST_KEY_UISupportedInterfaceOrientations_iPhone = "UIInterfaceOrientationPortrait UIInterfaceOrientationLandscapeLeft UIInterfaceOrientationLandscapeRight";
				LD_RUNPATH_SEARCH_PATHS = (
					"$(inherited)",
					"@executable_path/Frameworks",
				);
				MARKETING_VERSION = 1.0;
				PRODUCT_BUNDLE_IDENTIFIER = "Emil-Guseynov.MapApp";
				PRODUCT_NAME = "$(TARGET_NAME)";
				SUPPORTED_PLATFORMS = "iphoneos iphonesimulator";
				SUPPORTS_MACCATALYST = NO;
				SUPPORTS_MAC_DESIGNED_FOR_IPHONE_IPAD = NO;
				SWIFT_EMIT_LOC_STRINGS = YES;
				SWIFT_VERSION = 5.0;
				TARGETED_DEVICE_FAMILY = 1;
			};
			name = Debug;
		};
		C75DBF0C28E991F200D937A2 /* Release */ = {
			isa = XCBuildConfiguration;
			baseConfigurationReference = 1C755A6ECF4780CEB6B03132 /* Pods-MapApp.release.xcconfig */;
			buildSettings = {
				ASSETCATALOG_COMPILER_APPICON_NAME = AppIcon;
				ASSETCATALOG_COMPILER_GLOBAL_ACCENT_COLOR_NAME = AccentColor;
				CODE_SIGN_STYLE = Automatic;
				CURRENT_PROJECT_VERSION = 1;
				DEVELOPMENT_TEAM = 6S9Y87TLD6;
				GENERATE_INFOPLIST_FILE = YES;
				INFOPLIST_FILE = MapApp/Info.plist;
				INFOPLIST_KEY_UIApplicationSupportsIndirectInputEvents = YES;
				INFOPLIST_KEY_UILaunchStoryboardName = LaunchScreen;
				INFOPLIST_KEY_UISupportedInterfaceOrientations_iPad = "UIInterfaceOrientationPortrait UIInterfaceOrientationPortraitUpsideDown UIInterfaceOrientationLandscapeLeft UIInterfaceOrientationLandscapeRight";
				INFOPLIST_KEY_UISupportedInterfaceOrientations_iPhone = "UIInterfaceOrientationPortrait UIInterfaceOrientationLandscapeLeft UIInterfaceOrientationLandscapeRight";
				LD_RUNPATH_SEARCH_PATHS = (
					"$(inherited)",
					"@executable_path/Frameworks",
				);
				MARKETING_VERSION = 1.0;
				PRODUCT_BUNDLE_IDENTIFIER = "Emil-Guseynov.MapApp";
				PRODUCT_NAME = "$(TARGET_NAME)";
				SUPPORTED_PLATFORMS = "iphoneos iphonesimulator";
				SUPPORTS_MACCATALYST = NO;
				SUPPORTS_MAC_DESIGNED_FOR_IPHONE_IPAD = NO;
				SWIFT_EMIT_LOC_STRINGS = YES;
				SWIFT_VERSION = 5.0;
				TARGETED_DEVICE_FAMILY = 1;
			};
			name = Release;
		};
/* End XCBuildConfiguration section */

/* Begin XCConfigurationList section */
		C75DBEF128E991F100D937A2 /* Build configuration list for PBXProject "MapApp" */ = {
			isa = XCConfigurationList;
			buildConfigurations = (
				C75DBF0828E991F200D937A2 /* Debug */,
				C75DBF0928E991F200D937A2 /* Release */,
			);
			defaultConfigurationIsVisible = 0;
			defaultConfigurationName = Release;
		};
		C75DBF0A28E991F200D937A2 /* Build configuration list for PBXNativeTarget "MapApp" */ = {
			isa = XCConfigurationList;
			buildConfigurations = (
				C75DBF0B28E991F200D937A2 /* Debug */,
				C75DBF0C28E991F200D937A2 /* Release */,
			);
			defaultConfigurationIsVisible = 0;
			defaultConfigurationName = Release;
		};
/* End XCConfigurationList section */
	};
	rootObject = C75DBEEE28E991F100D937A2 /* Project object */;
}
